{
  "name": "@librebase/todo-app",
  "version": "0.1.0",
  "lockfileVersion": 3,
  "requires": true,
  "packages": {
    "": {
      "name": "@librebase/todo-app",
      "version": "0.1.0",
      "license": "GPL-3.0-or-later",
      "dependencies": {
        "@librebase/librebase": "file:../../packages/sdk"
      },
      "engines": {
        "node": ">=20"
      }
    },
    "../../packages/sdk": {
      "name": "@librebase/librebase",
      "version": "0.1.0",
      "license": "GPL-3.0-or-later",
      "engines": {
        "node": ">=20"
      }
    },
    "node_modules/@librebase/librebase": {
      "resolved": "../../packages/sdk",
      "link": true
    }
  }
}
